// !$*UTF8*$!
{
	archiveVersion = 1;
	classes = {
	};
	objectVersion = 56;
	objects = {

/* Begin PBXBuildFile section */
		3EAAB9DD40995150E8D33706 /* Pods_baseapp_ios_rxswiftTests.framework in Frameworks */ = {isa = PBXBuildFile; fileRef = CCE5B19E219461DADE20E08F /* Pods_baseapp_ios_rxswiftTests.framework */; };
		5B10CF48D48159FC2280625F /* Pods_baseapp_ios_rxswift.framework in Frameworks */ = {isa = PBXBuildFile; fileRef = 12E8070B53167E79ECFA606F /* Pods_baseapp_ios_rxswift.framework */; };
		9B2569F12857D0F0DAAB3B73 /* Pods_baseapp_ios_rxswift_baseapp_ios_rxswiftUITests.framework in Frameworks */ = {isa = PBXBuildFile; fileRef = 0B745D32CB6F160CD03C7FDA /* Pods_baseapp_ios_rxswift_baseapp_ios_rxswiftUITests.framework */; };
		EBA107EE2C6DC0D100737D3B /* baseapp_ios_rxswiftApp.swift in Sources */ = {isa = PBXBuildFile; fileRef = EBA107ED2C6DC0D100737D3B /* baseapp_ios_rxswiftApp.swift */; };
		EBA107F02C6DC0D100737D3B /* ContentView.swift in Sources */ = {isa = PBXBuildFile; fileRef = EBA107EF2C6DC0D100737D3B /* ContentView.swift */; };
		EBA107F22C6DC0D500737D3B /* Assets.xcassets in Resources */ = {isa = PBXBuildFile; fileRef = EBA107F12C6DC0D500737D3B /* Assets.xcassets */; };
		EBA107F62C6DC0D500737D3B /* Preview Assets.xcassets in Resources */ = {isa = PBXBuildFile; fileRef = EBA107F52C6DC0D500737D3B /* Preview Assets.xcassets */; };
		EBA108002C6DC0D500737D3B /* baseapp_ios_rxswiftTests.swift in Sources */ = {isa = PBXBuildFile; fileRef = EBA107FF2C6DC0D500737D3B /* baseapp_ios_rxswiftTests.swift */; };
		EBA1080A2C6DC0D500737D3B /* baseapp_ios_rxswiftUITests.swift in Sources */ = {isa = PBXBuildFile; fileRef = EBA108092C6DC0D500737D3B /* baseapp_ios_rxswiftUITests.swift */; };
		EBA1080C2C6DC0D500737D3B /* baseapp_ios_rxswiftUITestsLaunchTests.swift in Sources */ = {isa = PBXBuildFile; fileRef = EBA1080B2C6DC0D500737D3B /* baseapp_ios_rxswiftUITestsLaunchTests.swift */; };
		EBA1081A2C6DE16300737D3B /* README.md in Resources */ = {isa = PBXBuildFile; fileRef = EBA108182C6DE16300737D3B /* README.md */; };
/* End PBXBuildFile section */

/* Begin PBXContainerItemProxy section */
		EBA107FC2C6DC0D500737D3B /* PBXContainerItemProxy */ = {
			isa = PBXContainerItemProxy;
			containerPortal = EBA107E22C6DC0D100737D3B /* Project object */;
			proxyType = 1;
			remoteGlobalIDString = EBA107E92C6DC0D100737D3B;
			remoteInfo = baseapp_ios_rxswift;
		};
		EBA108062C6DC0D500737D3B /* PBXContainerItemProxy */ = {
			isa = PBXContainerItemProxy;
			containerPortal = EBA107E22C6DC0D100737D3B /* Project object */;
			proxyType = 1;
			remoteGlobalIDString = EBA107E92C6DC0D100737D3B;
			remoteInfo = baseapp_ios_rxswift;
		};
/* End PBXContainerItemProxy section */

/* Begin PBXFileReference section */
		0B745D32CB6F160CD03C7FDA /* Pods_baseapp_ios_rxswift_baseapp_ios_rxswiftUITests.framework */ = {isa = PBXFileReference; explicitFileType = wrapper.framework; includeInIndex = 0; path = Pods_baseapp_ios_rxswift_baseapp_ios_rxswiftUITests.framework; sourceTree = BUILT_PRODUCTS_DIR; };
		12E8070B53167E79ECFA606F /* Pods_baseapp_ios_rxswift.framework */ = {isa = PBXFileReference; explicitFileType = wrapper.framework; includeInIndex = 0; path = Pods_baseapp_ios_rxswift.framework; sourceTree = BUILT_PRODUCTS_DIR; };
		2806179103C2C58ECB581D0A /* Pods-baseapp_ios_rxswift-baseapp_ios_rxswiftUITests.release.xcconfig */ = {isa = PBXFileReference; includeInIndex = 1; lastKnownFileType = text.xcconfig; name = "Pods-baseapp_ios_rxswift-baseapp_ios_rxswiftUITests.release.xcconfig"; path = "Target Support Files/Pods-baseapp_ios_rxswift-baseapp_ios_rxswiftUITests/Pods-baseapp_ios_rxswift-baseapp_ios_rxswiftUITests.release.xcconfig"; sourceTree = "<group>"; };
		33AC2B3E347967E12AAC8E5B /* Pods-baseapp_ios_rxswift-baseapp_ios_rxswiftUITests.debug.xcconfig */ = {isa = PBXFileReference; includeInIndex = 1; lastKnownFileType = text.xcconfig; name = "Pods-baseapp_ios_rxswift-baseapp_ios_rxswiftUITests.debug.xcconfig"; path = "Target Support Files/Pods-baseapp_ios_rxswift-baseapp_ios_rxswiftUITests/Pods-baseapp_ios_rxswift-baseapp_ios_rxswiftUITests.debug.xcconfig"; sourceTree = "<group>"; };
		57025D76F8CB2D07DBE27316 /* Pods-baseapp_ios_rxswiftTests.debug.xcconfig */ = {isa = PBXFileReference; includeInIndex = 1; lastKnownFileType = text.xcconfig; name = "Pods-baseapp_ios_rxswiftTests.debug.xcconfig"; path = "Target Support Files/Pods-baseapp_ios_rxswiftTests/Pods-baseapp_ios_rxswiftTests.debug.xcconfig"; sourceTree = "<group>"; };
		6E15C87FEE342100603C12D1 /* Pods-baseapp_ios_rxswiftTests.release.xcconfig */ = {isa = PBXFileReference; includeInIndex = 1; lastKnownFileType = text.xcconfig; name = "Pods-baseapp_ios_rxswiftTests.release.xcconfig"; path = "Target Support Files/Pods-baseapp_ios_rxswiftTests/Pods-baseapp_ios_rxswiftTests.release.xcconfig"; sourceTree = "<group>"; };
		877D5CCD4FD2855DCD1E2539 /* Pods-baseapp_ios_rxswift.debug.xcconfig */ = {isa = PBXFileReference; includeInIndex = 1; lastKnownFileType = text.xcconfig; name = "Pods-baseapp_ios_rxswift.debug.xcconfig"; path = "Target Support Files/Pods-baseapp_ios_rxswift/Pods-baseapp_ios_rxswift.debug.xcconfig"; sourceTree = "<group>"; };
		AFF4960D231858530CB42653 /* Pods-baseapp_ios_rxswift.release.xcconfig */ = {isa = PBXFileReference; includeInIndex = 1; lastKnownFileType = text.xcconfig; name = "Pods-baseapp_ios_rxswift.release.xcconfig"; path = "Target Support Files/Pods-baseapp_ios_rxswift/Pods-baseapp_ios_rxswift.release.xcconfig"; sourceTree = "<group>"; };
		CCE5B19E219461DADE20E08F /* Pods_baseapp_ios_rxswiftTests.framework */ = {isa = PBXFileReference; explicitFileType = wrapper.framework; includeInIndex = 0; path = Pods_baseapp_ios_rxswiftTests.framework; sourceTree = BUILT_PRODUCTS_DIR; };
		EBA107EA2C6DC0D100737D3B /* baseapp_ios_rxswift.app */ = {isa = PBXFileReference; explicitFileType = wrapper.application; includeInIndex = 0; path = baseapp_ios_rxswift.app; sourceTree = BUILT_PRODUCTS_DIR; };
		EBA107ED2C6DC0D100737D3B /* baseapp_ios_rxswiftApp.swift */ = {isa = PBXFileReference; lastKnownFileType = sourcecode.swift; path = baseapp_ios_rxswiftApp.swift; sourceTree = "<group>"; };
		EBA107EF2C6DC0D100737D3B /* ContentView.swift */ = {isa = PBXFileReference; lastKnownFileType = sourcecode.swift; path = ContentView.swift; sourceTree = "<group>"; };
		EBA107F12C6DC0D500737D3B /* Assets.xcassets */ = {isa = PBXFileReference; lastKnownFileType = folder.assetcatalog; path = Assets.xcassets; sourceTree = "<group>"; };
		EBA107F32C6DC0D500737D3B /* baseapp_ios_rxswift.entitlements */ = {isa = PBXFileReference; lastKnownFileType = text.plist.entitlements; path = baseapp_ios_rxswift.entitlements; sourceTree = "<group>"; };
		EBA107F52C6DC0D500737D3B /* Preview Assets.xcassets */ = {isa = PBXFileReference; lastKnownFileType = folder.assetcatalog; path = "Preview Assets.xcassets"; sourceTree = "<group>"; };
		EBA107FB2C6DC0D500737D3B /* baseapp_ios_rxswiftTests.xctest */ = {isa = PBXFileReference; explicitFileType = wrapper.cfbundle; includeInIndex = 0; path = baseapp_ios_rxswiftTests.xctest; sourceTree = BUILT_PRODUCTS_DIR; };
		EBA107FF2C6DC0D500737D3B /* baseapp_ios_rxswiftTests.swift */ = {isa = PBXFileReference; lastKnownFileType = sourcecode.swift; path = baseapp_ios_rxswiftTests.swift; sourceTree = "<group>"; };
		EBA108052C6DC0D500737D3B /* baseapp_ios_rxswiftUITests.xctest */ = {isa = PBXFileReference; explicitFileType = wrapper.cfbundle; includeInIndex = 0; path = baseapp_ios_rxswiftUITests.xctest; sourceTree = BUILT_PRODUCTS_DIR; };
		EBA108092C6DC0D500737D3B /* baseapp_ios_rxswiftUITests.swift */ = {isa = PBXFileReference; lastKnownFileType = sourcecode.swift; path = baseapp_ios_rxswiftUITests.swift; sourceTree = "<group>"; };
		EBA1080B2C6DC0D500737D3B /* baseapp_ios_rxswiftUITestsLaunchTests.swift */ = {isa = PBXFileReference; lastKnownFileType = sourcecode.swift; path = baseapp_ios_rxswiftUITestsLaunchTests.swift; sourceTree = "<group>"; };
		EBA108182C6DE16300737D3B /* README.md */ = {isa = PBXFileReference; fileEncoding = 4; lastKnownFileType = net.daringfireball.markdown; path = README.md; sourceTree = SOURCE_ROOT; };
		EBA1081C2C6DE37D00737D3B /* Podfile */ = {isa = PBXFileReference; lastKnownFileType = text; path = Podfile; sourceTree = "<group>"; };
/* End PBXFileReference section */

/* Begin PBXFrameworksBuildPhase section */
		EBA107E72C6DC0D100737D3B /* Frameworks */ = {
			isa = PBXFrameworksBuildPhase;
			buildActionMask = 2147483647;
			files = (
				5B10CF48D48159FC2280625F /* Pods_baseapp_ios_rxswift.framework in Frameworks */,
			);
			runOnlyForDeploymentPostprocessing = 0;
		};
		EBA107F82C6DC0D500737D3B /* Frameworks */ = {
			isa = PBXFrameworksBuildPhase;
			buildActionMask = 2147483647;
			files = (
				3EAAB9DD40995150E8D33706 /* Pods_baseapp_ios_rxswiftTests.framework in Frameworks */,
			);
			runOnlyForDeploymentPostprocessing = 0;
		};
		EBA108022C6DC0D500737D3B /* Frameworks */ = {
			isa = PBXFrameworksBuildPhase;
			buildActionMask = 2147483647;
			files = (
				9B2569F12857D0F0DAAB3B73 /* Pods_baseapp_ios_rxswift_baseapp_ios_rxswiftUITests.framework in Frameworks */,
			);
			runOnlyForDeploymentPostprocessing = 0;
		};
/* End PBXFrameworksBuildPhase section */

/* Begin PBXGroup section */
		0C5FF23F78BC723FCC3B12E7 /* Pods */ = {
			isa = PBXGroup;
			children = (
				877D5CCD4FD2855DCD1E2539 /* Pods-baseapp_ios_rxswift.debug.xcconfig */,
				AFF4960D231858530CB42653 /* Pods-baseapp_ios_rxswift.release.xcconfig */,
				33AC2B3E347967E12AAC8E5B /* Pods-baseapp_ios_rxswift-baseapp_ios_rxswiftUITests.debug.xcconfig */,
				2806179103C2C58ECB581D0A /* Pods-baseapp_ios_rxswift-baseapp_ios_rxswiftUITests.release.xcconfig */,
				57025D76F8CB2D07DBE27316 /* Pods-baseapp_ios_rxswiftTests.debug.xcconfig */,
				6E15C87FEE342100603C12D1 /* Pods-baseapp_ios_rxswiftTests.release.xcconfig */,
			);
			name = Pods;
			path = Pods;
			sourceTree = "<group>";
		};
		EBA107E12C6DC0D100737D3B = {
			isa = PBXGroup;
			children = (
				EBA1081C2C6DE37D00737D3B /* Podfile */,
				EBA108182C6DE16300737D3B /* README.md */,
				EBA107EC2C6DC0D100737D3B /* baseapp_ios_rxswift */,
				EBA107FE2C6DC0D500737D3B /* baseapp_ios_rxswiftTests */,
				EBA108082C6DC0D500737D3B /* baseapp_ios_rxswiftUITests */,
				EBA107EB2C6DC0D100737D3B /* Products */,
				0C5FF23F78BC723FCC3B12E7 /* Pods */,
				F88D0492FAD13569B61F834B /* Frameworks */,
			);
			sourceTree = "<group>";
		};
		EBA107EB2C6DC0D100737D3B /* Products */ = {
			isa = PBXGroup;
			children = (
				EBA107EA2C6DC0D100737D3B /* baseapp_ios_rxswift.app */,
				EBA107FB2C6DC0D500737D3B /* baseapp_ios_rxswiftTests.xctest */,
				EBA108052C6DC0D500737D3B /* baseapp_ios_rxswiftUITests.xctest */,
			);
			name = Products;
			sourceTree = "<group>";
		};
		EBA107EC2C6DC0D100737D3B /* baseapp_ios_rxswift */ = {
			isa = PBXGroup;
			children = (
				EBA107ED2C6DC0D100737D3B /* baseapp_ios_rxswiftApp.swift */,
				EBA107EF2C6DC0D100737D3B /* ContentView.swift */,
				EBA107F12C6DC0D500737D3B /* Assets.xcassets */,
				EBA107F32C6DC0D500737D3B /* baseapp_ios_rxswift.entitlements */,
				EBA107F42C6DC0D500737D3B /* Preview Content */,
			);
			path = baseapp_ios_rxswift;
			sourceTree = "<group>";
		};
		EBA107F42C6DC0D500737D3B /* Preview Content */ = {
			isa = PBXGroup;
			children = (
				EBA107F52C6DC0D500737D3B /* Preview Assets.xcassets */,
			);
			path = "Preview Content";
			sourceTree = "<group>";
		};
		EBA107FE2C6DC0D500737D3B /* baseapp_ios_rxswiftTests */ = {
			isa = PBXGroup;
			children = (
				EBA107FF2C6DC0D500737D3B /* baseapp_ios_rxswiftTests.swift */,
			);
			path = baseapp_ios_rxswiftTests;
			sourceTree = "<group>";
		};
		EBA108082C6DC0D500737D3B /* baseapp_ios_rxswiftUITests */ = {
			isa = PBXGroup;
			children = (
				EBA108092C6DC0D500737D3B /* baseapp_ios_rxswiftUITests.swift */,
				EBA1080B2C6DC0D500737D3B /* baseapp_ios_rxswiftUITestsLaunchTests.swift */,
			);
			path = baseapp_ios_rxswiftUITests;
			sourceTree = "<group>";
		};
		F88D0492FAD13569B61F834B /* Frameworks */ = {
			isa = PBXGroup;
			children = (
				12E8070B53167E79ECFA606F /* Pods_baseapp_ios_rxswift.framework */,
				0B745D32CB6F160CD03C7FDA /* Pods_baseapp_ios_rxswift_baseapp_ios_rxswiftUITests.framework */,
				CCE5B19E219461DADE20E08F /* Pods_baseapp_ios_rxswiftTests.framework */,
			);
			name = Frameworks;
			sourceTree = "<group>";
		};
/* End PBXGroup section */

/* Begin PBXNativeTarget section */
		EBA107E92C6DC0D100737D3B /* baseapp_ios_rxswift */ = {
			isa = PBXNativeTarget;
			buildConfigurationList = EBA1080F2C6DC0D500737D3B /* Build configuration list for PBXNativeTarget "baseapp_ios_rxswift" */;
			buildPhases = (
				0382BF46674E2090F5A30FFA /* [CP] Check Pods Manifest.lock */,
				EBA107E62C6DC0D100737D3B /* Sources */,
				EBA107E72C6DC0D100737D3B /* Frameworks */,
				EBA107E82C6DC0D100737D3B /* Resources */,
			);
			buildRules = (
			);
			dependencies = (
			);
			name = baseapp_ios_rxswift;
			productName = baseapp_ios_rxswift;
			productReference = EBA107EA2C6DC0D100737D3B /* baseapp_ios_rxswift.app */;
			productType = "com.apple.product-type.application";
		};
		EBA107FA2C6DC0D500737D3B /* baseapp_ios_rxswiftTests */ = {
			isa = PBXNativeTarget;
			buildConfigurationList = EBA108122C6DC0D500737D3B /* Build configuration list for PBXNativeTarget "baseapp_ios_rxswiftTests" */;
			buildPhases = (
				BF0E0E7BA7933ED5DA398015 /* [CP] Check Pods Manifest.lock */,
				EBA107F72C6DC0D500737D3B /* Sources */,
				EBA107F82C6DC0D500737D3B /* Frameworks */,
				EBA107F92C6DC0D500737D3B /* Resources */,
			);
			buildRules = (
			);
			dependencies = (
				EBA107FD2C6DC0D500737D3B /* PBXTargetDependency */,
			);
			name = baseapp_ios_rxswiftTests;
			productName = baseapp_ios_rxswiftTests;
			productReference = EBA107FB2C6DC0D500737D3B /* baseapp_ios_rxswiftTests.xctest */;
			productType = "com.apple.product-type.bundle.unit-test";
		};
		EBA108042C6DC0D500737D3B /* baseapp_ios_rxswiftUITests */ = {
			isa = PBXNativeTarget;
			buildConfigurationList = EBA108152C6DC0D500737D3B /* Build configuration list for PBXNativeTarget "baseapp_ios_rxswiftUITests" */;
			buildPhases = (
				FB4739F4929B4ABBFA6ADACC /* [CP] Check Pods Manifest.lock */,
				EBA108012C6DC0D500737D3B /* Sources */,
				EBA108022C6DC0D500737D3B /* Frameworks */,
				EBA108032C6DC0D500737D3B /* Resources */,
			);
			buildRules = (
			);
			dependencies = (
				EBA108072C6DC0D500737D3B /* PBXTargetDependency */,
			);
			name = baseapp_ios_rxswiftUITests;
			productName = baseapp_ios_rxswiftUITests;
			productReference = EBA108052C6DC0D500737D3B /* baseapp_ios_rxswiftUITests.xctest */;
			productType = "com.apple.product-type.bundle.ui-testing";
		};
/* End PBXNativeTarget section */

/* Begin PBXProject section */
		EBA107E22C6DC0D100737D3B /* Project object */ = {
			isa = PBXProject;
			attributes = {
				BuildIndependentTargetsInParallel = 1;
				LastSwiftUpdateCheck = 1500;
				LastUpgradeCheck = 1500;
				TargetAttributes = {
					EBA107E92C6DC0D100737D3B = {
						CreatedOnToolsVersion = 15.0;
					};
					EBA107FA2C6DC0D500737D3B = {
						CreatedOnToolsVersion = 15.0;
						TestTargetID = EBA107E92C6DC0D100737D3B;
					};
					EBA108042C6DC0D500737D3B = {
						CreatedOnToolsVersion = 15.0;
						TestTargetID = EBA107E92C6DC0D100737D3B;
					};
				};
			};
			buildConfigurationList = EBA107E52C6DC0D100737D3B /* Build configuration list for PBXProject "baseapp_ios_rxswift" */;
			compatibilityVersion = "Xcode 14.0";
			developmentRegion = en;
			hasScannedForEncodings = 0;
			knownRegions = (
				en,
				Base,
			);
			mainGroup = EBA107E12C6DC0D100737D3B;
			productRefGroup = EBA107EB2C6DC0D100737D3B /* Products */;
			projectDirPath = "";
			projectRoot = "";
			targets = (
				EBA107E92C6DC0D100737D3B /* baseapp_ios_rxswift */,
				EBA107FA2C6DC0D500737D3B /* baseapp_ios_rxswiftTests */,
				EBA108042C6DC0D500737D3B /* baseapp_ios_rxswiftUITests */,
			);
		};
/* End PBXProject section */

/* Begin PBXResourcesBuildPhase section */
		EBA107E82C6DC0D100737D3B /* Resources */ = {
			isa = PBXResourcesBuildPhase;
			buildActionMask = 2147483647;
			files = (
				EBA1081A2C6DE16300737D3B /* README.md in Resources */,
				EBA107F62C6DC0D500737D3B /* Preview Assets.xcassets in Resources */,
				EBA107F22C6DC0D500737D3B /* Assets.xcassets in Resources */,
			);
			runOnlyForDeploymentPostprocessing = 0;
		};
		EBA107F92C6DC0D500737D3B /* Resources */ = {
			isa = PBXResourcesBuildPhase;
			buildActionMask = 2147483647;
			files = (
			);
			runOnlyForDeploymentPostprocessing = 0;
		};
		EBA108032C6DC0D500737D3B /* Resources */ = {
			isa = PBXResourcesBuildPhase;
			buildActionMask = 2147483647;
			files = (
			);
			runOnlyForDeploymentPostprocessing = 0;
		};
/* End PBXResourcesBuildPhase section */

/* Begin PBXShellScriptBuildPhase section */
		0382BF46674E2090F5A30FFA /* [CP] Check Pods Manifest.lock */ = {
			isa = PBXShellScriptBuildPhase;
			buildActionMask = 2147483647;
			files = (
			);
			inputFileListPaths = (
			);
			inputPaths = (
				"${PODS_PODFILE_DIR_PATH}/Podfile.lock",
				"${PODS_ROOT}/Manifest.lock",
			);
			name = "[CP] Check Pods Manifest.lock";
			outputFileListPaths = (
			);
			outputPaths = (
				"$(DERIVED_FILE_DIR)/Pods-baseapp_ios_rxswift-checkManifestLockResult.txt",
			);
			runOnlyForDeploymentPostprocessing = 0;
			shellPath = /bin/sh;
			shellScript = "diff \"${PODS_PODFILE_DIR_PATH}/Podfile.lock\" \"${PODS_ROOT}/Manifest.lock\" > /dev/null\nif [ $? != 0 ] ; then\n    # print error to STDERR\n    echo \"error: The sandbox is not in sync with the Podfile.lock. Run 'pod install' or update your CocoaPods installation.\" >&2\n    exit 1\nfi\n# This output is used by Xcode 'outputs' to avoid re-running this script phase.\necho \"SUCCESS\" > \"${SCRIPT_OUTPUT_FILE_0}\"\n";
			showEnvVarsInLog = 0;
		};
		BF0E0E7BA7933ED5DA398015 /* [CP] Check Pods Manifest.lock */ = {
			isa = PBXShellScriptBuildPhase;
			buildActionMask = 2147483647;
			files = (
			);
			inputFileListPaths = (
			);
			inputPaths = (
				"${PODS_PODFILE_DIR_PATH}/Podfile.lock",
				"${PODS_ROOT}/Manifest.lock",
			);
			name = "[CP] Check Pods Manifest.lock";
			outputFileListPaths = (
			);
			outputPaths = (
				"$(DERIVED_FILE_DIR)/Pods-baseapp_ios_rxswiftTests-checkManifestLockResult.txt",
			);
			runOnlyForDeploymentPostprocessing = 0;
			shellPath = /bin/sh;
			shellScript = "diff \"${PODS_PODFILE_DIR_PATH}/Podfile.lock\" \"${PODS_ROOT}/Manifest.lock\" > /dev/null\nif [ $? != 0 ] ; then\n    # print error to STDERR\n    echo \"error: The sandbox is not in sync with the Podfile.lock. Run 'pod install' or update your CocoaPods installation.\" >&2\n    exit 1\nfi\n# This output is used by Xcode 'outputs' to avoid re-running this script phase.\necho \"SUCCESS\" > \"${SCRIPT_OUTPUT_FILE_0}\"\n";
			showEnvVarsInLog = 0;
		};
		FB4739F4929B4ABBFA6ADACC /* [CP] Check Pods Manifest.lock */ = {
			isa = PBXShellScriptBuildPhase;
			buildActionMask = 2147483647;
			files = (
			);
			inputFileListPaths = (
			);
			inputPaths = (
				"${PODS_PODFILE_DIR_PATH}/Podfile.lock",
				"${PODS_ROOT}/Manifest.lock",
			);
			name = "[CP] Check Pods Manifest.lock";
			outputFileListPaths = (
			);
			outputPaths = (
				"$(DERIVED_FILE_DIR)/Pods-baseapp_ios_rxswift-baseapp_ios_rxswiftUITests-checkManifestLockResult.txt",
			);
			runOnlyForDeploymentPostprocessing = 0;
			shellPath = /bin/sh;
			shellScript = "diff \"${PODS_PODFILE_DIR_PATH}/Podfile.lock\" \"${PODS_ROOT}/Manifest.lock\" > /dev/null\nif [ $? != 0 ] ; then\n    # print error to STDERR\n    echo \"error: The sandbox is not in sync with the Podfile.lock. Run 'pod install' or update your CocoaPods installation.\" >&2\n    exit 1\nfi\n# This output is used by Xcode 'outputs' to avoid re-running this script phase.\necho \"SUCCESS\" > \"${SCRIPT_OUTPUT_FILE_0}\"\n";
			showEnvVarsInLog = 0;
		};
/* End PBXShellScriptBuildPhase section */

/* Begin PBXSourcesBuildPhase section */
		EBA107E62C6DC0D100737D3B /* Sources */ = {
			isa = PBXSourcesBuildPhase;
			buildActionMask = 2147483647;
			files = (
				EBA107F02C6DC0D100737D3B /* ContentView.swift in Sources */,
				EBA107EE2C6DC0D100737D3B /* baseapp_ios_rxswiftApp.swift in Sources */,
			);
			runOnlyForDeploymentPostprocessing = 0;
		};
		EBA107F72C6DC0D500737D3B /* Sources */ = {
			isa = PBXSourcesBuildPhase;
			buildActionMask = 2147483647;
			files = (
				EBA108002C6DC0D500737D3B /* baseapp_ios_rxswiftTests.swift in Sources */,
			);
			runOnlyForDeploymentPostprocessing = 0;
		};
		EBA108012C6DC0D500737D3B /* Sources */ = {
			isa = PBXSourcesBuildPhase;
			buildActionMask = 2147483647;
			files = (
				EBA1080A2C6DC0D500737D3B /* baseapp_ios_rxswiftUITests.swift in Sources */,
				EBA1080C2C6DC0D500737D3B /* baseapp_ios_rxswiftUITestsLaunchTests.swift in Sources */,
			);
			runOnlyForDeploymentPostprocessing = 0;
		};
/* End PBXSourcesBuildPhase section */

/* Begin PBXTargetDependency section */
		EBA107FD2C6DC0D500737D3B /* PBXTargetDependency */ = {
			isa = PBXTargetDependency;
			target = EBA107E92C6DC0D100737D3B /* baseapp_ios_rxswift */;
			targetProxy = EBA107FC2C6DC0D500737D3B /* PBXContainerItemProxy */;
		};
		EBA108072C6DC0D500737D3B /* PBXTargetDependency */ = {
			isa = PBXTargetDependency;
			target = EBA107E92C6DC0D100737D3B /* baseapp_ios_rxswift */;
			targetProxy = EBA108062C6DC0D500737D3B /* PBXContainerItemProxy */;
		};
/* End PBXTargetDependency section */

/* Begin XCBuildConfiguration section */
		EBA1080D2C6DC0D500737D3B /* Debug */ = {
			isa = XCBuildConfiguration;
			buildSettings = {
				ALWAYS_SEARCH_USER_PATHS = NO;
				ASSETCATALOG_COMPILER_GENERATE_SWIFT_ASSET_SYMBOL_EXTENSIONS = YES;
				CLANG_ANALYZER_NONNULL = YES;
				CLANG_ANALYZER_NUMBER_OBJECT_CONVERSION = YES_AGGRESSIVE;
				CLANG_CXX_LANGUAGE_STANDARD = "gnu++20";
				CLANG_ENABLE_MODULES = YES;
				CLANG_ENABLE_OBJC_ARC = YES;
				CLANG_ENABLE_OBJC_WEAK = YES;
				CLANG_WARN_BLOCK_CAPTURE_AUTORELEASING = YES;
				CLANG_WARN_BOOL_CONVERSION = YES;
				CLANG_WARN_COMMA = YES;
				CLANG_WARN_CONSTANT_CONVERSION = YES;
				CLANG_WARN_DEPRECATED_OBJC_IMPLEMENTATIONS = YES;
				CLANG_WARN_DIRECT_OBJC_ISA_USAGE = YES_ERROR;
				CLANG_WARN_DOCUMENTATION_COMMENTS = YES;
				CLANG_WARN_EMPTY_BODY = YES;
				CLANG_WARN_ENUM_CONVERSION = YES;
				CLANG_WARN_INFINITE_RECURSION = YES;
				CLANG_WARN_INT_CONVERSION = YES;
				CLANG_WARN_NON_LITERAL_NULL_CONVERSION = YES;
				CLANG_WARN_OBJC_IMPLICIT_RETAIN_SELF = YES;
				CLANG_WARN_OBJC_LITERAL_CONVERSION = YES;
				CLANG_WARN_OBJC_ROOT_CLASS = YES_ERROR;
				CLANG_WARN_QUOTED_INCLUDE_IN_FRAMEWORK_HEADER = YES;
				CLANG_WARN_RANGE_LOOP_ANALYSIS = YES;
				CLANG_WARN_STRICT_PROTOTYPES = YES;
				CLANG_WARN_SUSPICIOUS_MOVE = YES;
				CLANG_WARN_UNGUARDED_AVAILABILITY = YES_AGGRESSIVE;
				CLANG_WARN_UNREACHABLE_CODE = YES;
				CLANG_WARN__DUPLICATE_METHOD_MATCH = YES;
				COPY_PHASE_STRIP = NO;
				DEBUG_INFORMATION_FORMAT = dwarf;
				ENABLE_STRICT_OBJC_MSGSEND = YES;
				ENABLE_TESTABILITY = YES;
				ENABLE_USER_SCRIPT_SANDBOXING = YES;
				GCC_C_LANGUAGE_STANDARD = gnu17;
				GCC_DYNAMIC_NO_PIC = NO;
				GCC_NO_COMMON_BLOCKS = YES;
				GCC_OPTIMIZATION_LEVEL = 0;
				GCC_PREPROCESSOR_DEFINITIONS = (
					"DEBUG=1",
					"$(inherited)",
				);
				GCC_WARN_64_TO_32_BIT_CONVERSION = YES;
				GCC_WARN_ABOUT_RETURN_TYPE = YES_ERROR;
				GCC_WARN_UNDECLARED_SELECTOR = YES;
				GCC_WARN_UNINITIALIZED_AUTOS = YES_AGGRESSIVE;
				GCC_WARN_UNUSED_FUNCTION = YES;
				GCC_WARN_UNUSED_VARIABLE = YES;
				LOCALIZATION_PREFERS_STRING_CATALOGS = YES;
				MTL_ENABLE_DEBUG_INFO = INCLUDE_SOURCE;
				MTL_FAST_MATH = YES;
				ONLY_ACTIVE_ARCH = YES;
				SWIFT_ACTIVE_COMPILATION_CONDITIONS = "DEBUG $(inherited)";
				SWIFT_OPTIMIZATION_LEVEL = "-Onone";
			};
			name = Debug;
		};
		EBA1080E2C6DC0D500737D3B /* Release */ = {
			isa = XCBuildConfiguration;
			buildSettings = {
				ALWAYS_SEARCH_USER_PATHS = NO;
				ASSETCATALOG_COMPILER_GENERATE_SWIFT_ASSET_SYMBOL_EXTENSIONS = YES;
				CLANG_ANALYZER_NONNULL = YES;
				CLANG_ANALYZER_NUMBER_OBJECT_CONVERSION = YES_AGGRESSIVE;
				CLANG_CXX_LANGUAGE_STANDARD = "gnu++20";
				CLANG_ENABLE_MODULES = YES;
				CLANG_ENABLE_OBJC_ARC = YES;
				CLANG_ENABLE_OBJC_WEAK = YES;
				CLANG_WARN_BLOCK_CAPTURE_AUTORELEASING = YES;
				CLANG_WARN_BOOL_CONVERSION = YES;
				CLANG_WARN_COMMA = YES;
				CLANG_WARN_CONSTANT_CONVERSION = YES;
				CLANG_WARN_DEPRECATED_OBJC_IMPLEMENTATIONS = YES;
				CLANG_WARN_DIRECT_OBJC_ISA_USAGE = YES_ERROR;
				CLANG_WARN_DOCUMENTATION_COMMENTS = YES;
				CLANG_WARN_EMPTY_BODY = YES;
				CLANG_WARN_ENUM_CONVERSION = YES;
				CLANG_WARN_INFINITE_RECURSION = YES;
				CLANG_WARN_INT_CONVERSION = YES;
				CLANG_WARN_NON_LITERAL_NULL_CONVERSION = YES;
				CLANG_WARN_OBJC_IMPLICIT_RETAIN_SELF = YES;
				CLANG_WARN_OBJC_LITERAL_CONVERSION = YES;
				CLANG_WARN_OBJC_ROOT_CLASS = YES_ERROR;
				CLANG_WARN_QUOTED_INCLUDE_IN_FRAMEWORK_HEADER = YES;
				CLANG_WARN_RANGE_LOOP_ANALYSIS = YES;
				CLANG_WARN_STRICT_PROTOTYPES = YES;
				CLANG_WARN_SUSPICIOUS_MOVE = YES;
				CLANG_WARN_UNGUARDED_AVAILABILITY = YES_AGGRESSIVE;
				CLANG_WARN_UNREACHABLE_CODE = YES;
				CLANG_WARN__DUPLICATE_METHOD_MATCH = YES;
				COPY_PHASE_STRIP = NO;
				DEBUG_INFORMATION_FORMAT = "dwarf-with-dsym";
				ENABLE_NS_ASSERTIONS = NO;
				ENABLE_STRICT_OBJC_MSGSEND = YES;
				ENABLE_USER_SCRIPT_SANDBOXING = YES;
				GCC_C_LANGUAGE_STANDARD = gnu17;
				GCC_NO_COMMON_BLOCKS = YES;
				GCC_WARN_64_TO_32_BIT_CONVERSION = YES;
				GCC_WARN_ABOUT_RETURN_TYPE = YES_ERROR;
				GCC_WARN_UNDECLARED_SELECTOR = YES;
				GCC_WARN_UNINITIALIZED_AUTOS = YES_AGGRESSIVE;
				GCC_WARN_UNUSED_FUNCTION = YES;
				GCC_WARN_UNUSED_VARIABLE = YES;
				LOCALIZATION_PREFERS_STRING_CATALOGS = YES;
				MTL_ENABLE_DEBUG_INFO = NO;
				MTL_FAST_MATH = YES;
				SWIFT_COMPILATION_MODE = wholemodule;
			};
			name = Release;
		};
		EBA108102C6DC0D500737D3B /* Debug */ = {
			isa = XCBuildConfiguration;
			baseConfigurationReference = 877D5CCD4FD2855DCD1E2539 /* Pods-baseapp_ios_rxswift.debug.xcconfig */;
			buildSettings = {
				ASSETCATALOG_COMPILER_APPICON_NAME = AppIcon;
				ASSETCATALOG_COMPILER_GLOBAL_ACCENT_COLOR_NAME = AccentColor;
				CODE_SIGN_ENTITLEMENTS = baseapp_ios_rxswift/baseapp_ios_rxswift.entitlements;
				CODE_SIGN_STYLE = Automatic;
				CURRENT_PROJECT_VERSION = 1;
				DEVELOPMENT_ASSET_PATHS = "\"baseapp_ios_rxswift/Preview Content\"";
				ENABLE_PREVIEWS = YES;
				GENERATE_INFOPLIST_FILE = YES;
				"INFOPLIST_KEY_UIApplicationSceneManifest_Generation[sdk=iphoneos*]" = YES;
				"INFOPLIST_KEY_UIApplicationSceneManifest_Generation[sdk=iphonesimulator*]" = YES;
				"INFOPLIST_KEY_UIApplicationSupportsIndirectInputEvents[sdk=iphoneos*]" = YES;
				"INFOPLIST_KEY_UIApplicationSupportsIndirectInputEvents[sdk=iphonesimulator*]" = YES;
				"INFOPLIST_KEY_UILaunchScreen_Generation[sdk=iphoneos*]" = YES;
				"INFOPLIST_KEY_UILaunchScreen_Generation[sdk=iphonesimulator*]" = YES;
				"INFOPLIST_KEY_UIStatusBarStyle[sdk=iphoneos*]" = UIStatusBarStyleDefault;
				"INFOPLIST_KEY_UIStatusBarStyle[sdk=iphonesimulator*]" = UIStatusBarStyleDefault;
				INFOPLIST_KEY_UISupportedInterfaceOrientations_iPad = "UIInterfaceOrientationPortrait UIInterfaceOrientationPortraitUpsideDown UIInterfaceOrientationLandscapeLeft UIInterfaceOrientationLandscapeRight";
				INFOPLIST_KEY_UISupportedInterfaceOrientations_iPhone = "UIInterfaceOrientationPortrait UIInterfaceOrientationLandscapeLeft UIInterfaceOrientationLandscapeRight";
				IPHONEOS_DEPLOYMENT_TARGET = 17.0;
				LD_RUNPATH_SEARCH_PATHS = "@executable_path/Frameworks";
				"LD_RUNPATH_SEARCH_PATHS[sdk=macosx*]" = "@executable_path/../Frameworks";
				MACOSX_DEPLOYMENT_TARGET = 14.0;
				MARKETING_VERSION = 1.0;
				PRODUCT_BUNDLE_IDENTIFIER = "vumanhtu123.baseapp-ios-rxswift";
				PRODUCT_NAME = "$(TARGET_NAME)";
				SDKROOT = auto;
				SUPPORTED_PLATFORMS = "iphoneos iphonesimulator macosx";
				SWIFT_EMIT_LOC_STRINGS = YES;
				SWIFT_VERSION = 5.0;
				TARGETED_DEVICE_FAMILY = "1,2";
			};
			name = Debug;
		};
		EBA108112C6DC0D500737D3B /* Release */ = {
			isa = XCBuildConfiguration;
			baseConfigurationReference = AFF4960D231858530CB42653 /* Pods-baseapp_ios_rxswift.release.xcconfig */;
			buildSettings = {
				ASSETCATALOG_COMPILER_APPICON_NAME = AppIcon;
				ASSETCATALOG_COMPILER_GLOBAL_ACCENT_COLOR_NAME = AccentColor;
				CODE_SIGN_ENTITLEMENTS = baseapp_ios_rxswift/baseapp_ios_rxswift.entitlements;
				CODE_SIGN_STYLE = Automatic;
				CURRENT_PROJECT_VERSION = 1;
				DEVELOPMENT_ASSET_PATHS = "\"baseapp_ios_rxswift/Preview Content\"";
				ENABLE_PREVIEWS = YES;
				GENERATE_INFOPLIST_FILE = YES;
				"INFOPLIST_KEY_UIApplicationSceneManifest_Generation[sdk=iphoneos*]" = YES;
				"INFOPLIST_KEY_UIApplicationSceneManifest_Generation[sdk=iphonesimulator*]" = YES;
				"INFOPLIST_KEY_UIApplicationSupportsIndirectInputEvents[sdk=iphoneos*]" = YES;
				"INFOPLIST_KEY_UIApplicationSupportsIndirectInputEvents[sdk=iphonesimulator*]" = YES;
				"INFOPLIST_KEY_UILaunchScreen_Generation[sdk=iphoneos*]" = YES;
				"INFOPLIST_KEY_UILaunchScreen_Generation[sdk=iphonesimulator*]" = YES;
				"INFOPLIST_KEY_UIStatusBarStyle[sdk=iphoneos*]" = UIStatusBarStyleDefault;
				"INFOPLIST_KEY_UIStatusBarStyle[sdk=iphonesimulator*]" = UIStatusBarStyleDefault;
				INFOPLIST_KEY_UISupportedInterfaceOrientations_iPad = "UIInterfaceOrientationPortrait UIInterfaceOrientationPortraitUpsideDown UIInterfaceOrientationLandscapeLeft UIInterfaceOrientationLandscapeRight";
				INFOPLIST_KEY_UISupportedInterfaceOrientations_iPhone = "UIInterfaceOrientationPortrait UIInterfaceOrientationLandscapeLeft UIInterfaceOrientationLandscapeRight";
				IPHONEOS_DEPLOYMENT_TARGET = 17.0;
				LD_RUNPATH_SEARCH_PATHS = "@executable_path/Frameworks";
				"LD_RUNPATH_SEARCH_PATHS[sdk=macosx*]" = "@executable_path/../Frameworks";
				MACOSX_DEPLOYMENT_TARGET = 14.0;
				MARKETING_VERSION = 1.0;
				PRODUCT_BUNDLE_IDENTIFIER = "vumanhtu123.baseapp-ios-rxswift";
				PRODUCT_NAME = "$(TARGET_NAME)";
				SDKROOT = auto;
				SUPPORTED_PLATFORMS = "iphoneos iphonesimulator macosx";
				SWIFT_EMIT_LOC_STRINGS = YES;
				SWIFT_VERSION = 5.0;
				TARGETED_DEVICE_FAMILY = "1,2";
			};
			name = Release;
		};
		EBA108132C6DC0D500737D3B /* Debug */ = {
			isa = XCBuildConfiguration;
			baseConfigurationReference = 57025D76F8CB2D07DBE27316 /* Pods-baseapp_ios_rxswiftTests.debug.xcconfig */;
			buildSettings = {
				ALWAYS_EMBED_SWIFT_STANDARD_LIBRARIES = YES;
				BUNDLE_LOADER = "$(TEST_HOST)";
				CODE_SIGN_STYLE = Automatic;
				CURRENT_PROJECT_VERSION = 1;
				GENERATE_INFOPLIST_FILE = YES;
				IPHONEOS_DEPLOYMENT_TARGET = 17.0;
				MACOSX_DEPLOYMENT_TARGET = 14.0;
				MARKETING_VERSION = 1.0;
				PRODUCT_BUNDLE_IDENTIFIER = "vumanhtu123.baseapp-ios-rxswiftTests";
				PRODUCT_NAME = "$(TARGET_NAME)";
				SDKROOT = auto;
				SUPPORTED_PLATFORMS = "iphoneos iphonesimulator macosx";
				SWIFT_EMIT_LOC_STRINGS = NO;
				SWIFT_VERSION = 5.0;
				TARGETED_DEVICE_FAMILY = "1,2";
				TEST_HOST = "$(BUILT_PRODUCTS_DIR)/baseapp_ios_rxswift.app/$(BUNDLE_EXECUTABLE_FOLDER_PATH)/baseapp_ios_rxswift";
			};
			name = Debug;
		};
		EBA108142C6DC0D500737D3B /* Release */ = {
			isa = XCBuildConfiguration;
			baseConfigurationReference = 6E15C87FEE342100603C12D1 /* Pods-baseapp_ios_rxswiftTests.release.xcconfig */;
			buildSettings = {
				ALWAYS_EMBED_SWIFT_STANDARD_LIBRARIES = YES;
				BUNDLE_LOADER = "$(TEST_HOST)";
				CODE_SIGN_STYLE = Automatic;
				CURRENT_PROJECT_VERSION = 1;
				GENERATE_INFOPLIST_FILE = YES;
				IPHONEOS_DEPLOYMENT_TARGET = 17.0;
				MACOSX_DEPLOYMENT_TARGET = 14.0;
				MARKETING_VERSION = 1.0;
				PRODUCT_BUNDLE_IDENTIFIER = "vumanhtu123.baseapp-ios-rxswiftTests";
				PRODUCT_NAME = "$(TARGET_NAME)";
				SDKROOT = auto;
				SUPPORTED_PLATFORMS = "iphoneos iphonesimulator macosx";
				SWIFT_EMIT_LOC_STRINGS = NO;
				SWIFT_VERSION = 5.0;
				TARGETED_DEVICE_FAMILY = "1,2";
				TEST_HOST = "$(BUILT_PRODUCTS_DIR)/baseapp_ios_rxswift.app/$(BUNDLE_EXECUTABLE_FOLDER_PATH)/baseapp_ios_rxswift";
			};
			name = Release;
		};
		EBA108162C6DC0D500737D3B /* Debug */ = {
			isa = XCBuildConfiguration;
			baseConfigurationReference = 33AC2B3E347967E12AAC8E5B /* Pods-baseapp_ios_rxswift-baseapp_ios_rxswiftUITests.debug.xcconfig */;
			buildSettings = {
				ALWAYS_EMBED_SWIFT_STANDARD_LIBRARIES = YES;
				CODE_SIGN_STYLE = Automatic;
				CURRENT_PROJECT_VERSION = 1;
				GENERATE_INFOPLIST_FILE = YES;
				IPHONEOS_DEPLOYMENT_TARGET = 17.0;
				MACOSX_DEPLOYMENT_TARGET = 14.0;
				MARKETING_VERSION = 1.0;
				PRODUCT_BUNDLE_IDENTIFIER = "vumanhtu123.baseapp-ios-rxswiftUITests";
				PRODUCT_NAME = "$(TARGET_NAME)";
				SDKROOT = auto;
				SUPPORTED_PLATFORMS = "iphoneos iphonesimulator macosx";
				SWIFT_EMIT_LOC_STRINGS = NO;
				SWIFT_VERSION = 5.0;
				TARGETED_DEVICE_FAMILY = "1,2";
				TEST_TARGET_NAME = baseapp_ios_rxswift;
			};
			name = Debug;
		};
		EBA108172C6DC0D500737D3B /* Release */ = {
			isa = XCBuildConfiguration;
			baseConfigurationReference = 2806179103C2C58ECB581D0A /* Pods-baseapp_ios_rxswift-baseapp_ios_rxswiftUITests.release.xcconfig */;
			buildSettings = {
				ALWAYS_EMBED_SWIFT_STANDARD_LIBRARIES = YES;
				CODE_SIGN_STYLE = Automatic;
				CURRENT_PROJECT_VERSION = 1;
				GENERATE_INFOPLIST_FILE = YES;
				IPHONEOS_DEPLOYMENT_TARGET = 17.0;
				MACOSX_DEPLOYMENT_TARGET = 14.0;
				MARKETING_VERSION = 1.0;
				PRODUCT_BUNDLE_IDENTIFIER = "vumanhtu123.baseapp-ios-rxswiftUITests";
				PRODUCT_NAME = "$(TARGET_NAME)";
				SDKROOT = auto;
				SUPPORTED_PLATFORMS = "iphoneos iphonesimulator macosx";
				SWIFT_EMIT_LOC_STRINGS = NO;
				SWIFT_VERSION = 5.0;
				TARGETED_DEVICE_FAMILY = "1,2";
				TEST_TARGET_NAME = baseapp_ios_rxswift;
			};
			name = Release;
		};
/* End XCBuildConfiguration section */

/* Begin XCConfigurationList section */
		EBA107E52C6DC0D100737D3B /* Build configuration list for PBXProject "baseapp_ios_rxswift" */ = {
			isa = XCConfigurationList;
			buildConfigurations = (
				EBA1080D2C6DC0D500737D3B /* Debug */,
				EBA1080E2C6DC0D500737D3B /* Release */,
			);
			defaultConfigurationIsVisible = 0;
			defaultConfigurationName = Release;
		};
		EBA1080F2C6DC0D500737D3B /* Build configuration list for PBXNativeTarget "baseapp_ios_rxswift" */ = {
			isa = XCConfigurationList;
			buildConfigurations = (
				EBA108102C6DC0D500737D3B /* Debug */,
				EBA108112C6DC0D500737D3B /* Release */,
			);
			defaultConfigurationIsVisible = 0;
			defaultConfigurationName = Release;
		};
		EBA108122C6DC0D500737D3B /* Build configuration list for PBXNativeTarget "baseapp_ios_rxswiftTests" */ = {
			isa = XCConfigurationList;
			buildConfigurations = (
				EBA108132C6DC0D500737D3B /* Debug */,
				EBA108142C6DC0D500737D3B /* Release */,
			);
			defaultConfigurationIsVisible = 0;
			defaultConfigurationName = Release;
		};
		EBA108152C6DC0D500737D3B /* Build configuration list for PBXNativeTarget "baseapp_ios_rxswiftUITests" */ = {
			isa = XCConfigurationList;
			buildConfigurations = (
				EBA108162C6DC0D500737D3B /* Debug */,
				EBA108172C6DC0D500737D3B /* Release */,
			);
			defaultConfigurationIsVisible = 0;
			defaultConfigurationName = Release;
		};
/* End XCConfigurationList section */
	};
	rootObject = EBA107E22C6DC0D100737D3B /* Project object */;
}
